
Microsoft Visual Studio Solution File, Format Version 12.00
# Visual Studio Version 17
VisualStudioVersion = 17.2.32630.192
MinimumVisualStudioVersion = 10.0.40219.1
Project("{9A19103F-16F7-4668-BE54-9A1E7A4F7556}") = "SetGame.Test", "SetGame.Test\SetGame.Test.csproj", "{1A6BCEC8-1B30-444E-84D7-C578741737CB}"
EndProject
Project("{9A19103F-16F7-4668-BE54-9A1E7A4F7556}") = "SetGame.Api", "SetGame.Api\SetGame.Api.csproj", "{A97A9CE0-22E3-41B7-B884-BAF4EB5A0AE1}"
EndProject
Project("{54A90642-561A-4BB1-A94E-469ADEE60C69}") = "SetGame.Web", "SetGame.Web\SetGame.Web.esproj", "{DC8D63FF-981E-47A1-86C0-11F2D72ACC3E}"
EndProject
Global
	GlobalSection(SolutionConfigurationPlatforms) = preSolution
		Debug|Any CPU = Debug|Any CPU
		Release|Any CPU = Release|Any CPU
	EndGlobalSection
	GlobalSection(ProjectConfigurationPlatforms) = postSolution
		{1A6BCEC8-1B30-444E-84D7-C578741737CB}.Debug|Any CPU.ActiveCfg = Debug|Any CPU
		{1A6BCEC8-1B30-444E-84D7-C578741737CB}.Debug|Any CPU.Build.0 = Debug|Any CPU
		{1A6BCEC8-1B30-444E-84D7-C578741737CB}.Release|Any CPU.ActiveCfg = Release|Any CPU
		{1A6BCEC8-1B30-444E-84D7-C578741737CB}.Release|Any CPU.Build.0 = Release|Any CPU
		{A97A9CE0-22E3-41B7-B884-BAF4EB5A0AE1}.Debug|Any CPU.ActiveCfg = Debug|Any CPU
		{A97A9CE0-22E3-41B7-B884-BAF4EB5A0AE1}.Debug|Any CPU.Build.0 = Debug|Any CPU
		{A97A9CE0-22E3-41B7-B884-BAF4EB5A0AE1}.Release|Any CPU.ActiveCfg = Release|Any CPU
		{A97A9CE0-22E3-41B7-B884-BAF4EB5A0AE1}.Release|Any CPU.Build.0 = Release|Any CPU
		{DC8D63FF-981E-47A1-86C0-11F2D72ACC3E}.Debug|Any CPU.ActiveCfg = Debug|Any CPU
		{DC8D63FF-981E-47A1-86C0-11F2D72ACC3E}.Debug|Any CPU.Build.0 = Debug|Any CPU
		{DC8D63FF-981E-47A1-86C0-11F2D72ACC3E}.Debug|Any CPU.Deploy.0 = Debug|Any CPU
		{DC8D63FF-981E-47A1-86C0-11F2D72ACC3E}.Release|Any CPU.ActiveCfg = Release|Any CPU
		{DC8D63FF-981E-47A1-86C0-11F2D72ACC3E}.Release|Any CPU.Build.0 = Release|Any CPU
		{DC8D63FF-981E-47A1-86C0-11F2D72ACC3E}.Release|Any CPU.Deploy.0 = Release|Any CPU
	EndGlobalSection
	GlobalSection(SolutionProperties) = preSolution
		HideSolutionNode = FALSE
	EndGlobalSection
	GlobalSection(ExtensibilityGlobals) = postSolution
		SolutionGuid = {17AC809E-A2FD-40C1-BC60-02546682A5CA}
	EndGlobalSection
EndGlobal
